{
  "pins" : [
    {
      "identity" : "alamofire",
      "kind" : "remoteSourceControl",
      "location" : "https://github.com/Alamofire/Alamofire.git",
      "state" : {
        "revision" : "3dc6a42c7727c49bf26508e29b0a0b35f9c7e1ad",
        "version" : "5.8.1"
      }
    },
    {
      "identity" : "components-ios",
      "kind" : "remoteSourceControl",
      "location" : "https://github.com/joyfill/components-ios.git",
      "state" : {
        "revision" : "a79dd3e5348b5f231af7f8af2453524f5a86398c",
        "version" : "0.2.3"
      }
    },
    {
      "identity" : "swiftyjson",
      "kind" : "remoteSourceControl",
      "location" : "https://github.com/SwiftyJSON/SwiftyJSON.git",
      "state" : {
        "revision" : "b3dcd7dbd0d488e1a7077cb33b00f2083e382f07",
        "version" : "5.0.1"
      }
    },
    {
      "identity" : "toast-swift",
      "kind" : "remoteSourceControl",
      "location" : "https://github.com/BastiaanJansen/toast-swift.git",
      "state" : {
        "revision" : "823bb93e569bc3cf8b542e658a11b98e0b3127c8",
        "version" : "2.1.1"
      }
    }
  ],
  "version" : 2
}
